
Microsoft Visual Studio Solution File, Format Version 12.00
# Visual Studio Version 16
VisualStudioVersion = 16.0.36631.11
MinimumVisualStudioVersion = 10.0.40219.1
Project("{00D1A9C2-B5F0-4AF3-8072-F6C62B433612}") = "db", "db.sqlproj", "{017BD8ED-B9D6-46A2-8B08-515DF23B9336}"
EndProject
Global
	GlobalSection(SolutionConfigurationPlatforms) = preSolution
		Debug|Any CPU = Debug|Any CPU
		Release|Any CPU = Release|Any CPU
	EndGlobalSection
	GlobalSection(ProjectConfigurationPlatforms) = postSolution
		{017BD8ED-B9D6-46A2-8B08-515DF23B9336}.Debug|Any CPU.ActiveCfg = Debug|Any CPU
		{017BD8ED-B9D6-46A2-8B08-515DF23B9336}.Debug|Any CPU.Build.0 = Debug|Any CPU
		{017BD8ED-B9D6-46A2-8B08-515DF23B9336}.Debug|Any CPU.Deploy.0 = Debug|Any CPU
		{017BD8ED-B9D6-46A2-8B08-515DF23B9336}.Release|Any CPU.ActiveCfg = Release|Any CPU
		{017BD8ED-B9D6-46A2-8B08-515DF23B9336}.Release|Any CPU.Build.0 = Release|Any CPU
		{017BD8ED-B9D6-46A2-8B08-515DF23B9336}.Release|Any CPU.Deploy.0 = Release|Any CPU
	EndGlobalSection
	GlobalSection(SolutionProperties) = preSolution
		HideSolutionNode = FALSE
	EndGlobalSection
	GlobalSection(ExtensibilityGlobals) = postSolution
		SolutionGuid = {1AE633BE-3059-48C5-BBC3-488CDFF44E68}
	EndGlobalSection
EndGlobal
